// !$*UTF8*$!
{
	archiveVersion = 1;
	classes = {
	};
	objectVersion = 50;
	objects = {

/* Begin PBXBuildFile section */
		204DEA8E223FB13C00C53683 /* AppDelegate.swift in Sources */ = {isa = PBXBuildFile; fileRef = 204DEA8D223FB13C00C53683 /* AppDelegate.swift */; };
		204DEA90223FB13C00C53683 /* ViewController.swift in Sources */ = {isa = PBXBuildFile; fileRef = 204DEA8F223FB13C00C53683 /* ViewController.swift */; };
		204DEA93223FB13C00C53683 /* Main.storyboard in Resources */ = {isa = PBXBuildFile; fileRef = 204DEA91223FB13C00C53683 /* Main.storyboard */; };
		204DEA96223FB13C00C53683 /* UITestPracticeApp.xcdatamodeld in Sources */ = {isa = PBXBuildFile; fileRef = 204DEA94223FB13C00C53683 /* UITestPracticeApp.xcdatamodeld */; };
		204DEA98223FB13D00C53683 /* Assets.xcassets in Resources */ = {isa = PBXBuildFile; fileRef = 204DEA97223FB13D00C53683 /* Assets.xcassets */; };
		204DEA9B223FB13D00C53683 /* LaunchScreen.storyboard in Resources */ = {isa = PBXBuildFile; fileRef = 204DEA99223FB13D00C53683 /* LaunchScreen.storyboard */; };
		204DEAA6223FB13E00C53683 /* UITestPracticeAppUITests.swift in Sources */ = {isa = PBXBuildFile; fileRef = 204DEAA5223FB13E00C53683 /* UITestPracticeAppUITests.swift */; };
/* End PBXBuildFile section */

/* Begin PBXContainerItemProxy section */
		204DEAA2223FB13E00C53683 /* PBXContainerItemProxy */ = {
			isa = PBXContainerItemProxy;
			containerPortal = 204DEA82223FB13C00C53683 /* Project object */;
			proxyType = 1;
			remoteGlobalIDString = 204DEA89223FB13C00C53683;
			remoteInfo = UITestPracticeApp;
		};
/* End PBXContainerItemProxy section */

/* Begin PBXFileReference section */
		204DEA8A223FB13C00C53683 /* UITestPracticeApp.app */ = {isa = PBXFileReference; explicitFileType = wrapper.application; includeInIndex = 0; path = UITestPracticeApp.app; sourceTree = BUILT_PRODUCTS_DIR; };
		204DEA8D223FB13C00C53683 /* AppDelegate.swift */ = {isa = PBXFileReference; lastKnownFileType = sourcecode.swift; path = AppDelegate.swift; sourceTree = "<group>"; };
		204DEA8F223FB13C00C53683 /* ViewController.swift */ = {isa = PBXFileReference; lastKnownFileType = sourcecode.swift; path = ViewController.swift; sourceTree = "<group>"; };
		204DEA92223FB13C00C53683 /* Base */ = {isa = PBXFileReference; lastKnownFileType = file.storyboard; name = Base; path = Base.lproj/Main.storyboard; sourceTree = "<group>"; };
		204DEA95223FB13C00C53683 /* UITestPracticeApp.xcdatamodel */ = {isa = PBXFileReference; lastKnownFileType = wrapper.xcdatamodel; path = UITestPracticeApp.xcdatamodel; sourceTree = "<group>"; };
		204DEA97223FB13D00C53683 /* Assets.xcassets */ = {isa = PBXFileReference; lastKnownFileType = folder.assetcatalog; path = Assets.xcassets; sourceTree = "<group>"; };
		204DEA9A223FB13D00C53683 /* Base */ = {isa = PBXFileReference; lastKnownFileType = file.storyboard; name = Base; path = Base.lproj/LaunchScreen.storyboard; sourceTree = "<group>"; };
		204DEA9C223FB13D00C53683 /* Info.plist */ = {isa = PBXFileReference; lastKnownFileType = text.plist.xml; path = Info.plist; sourceTree = "<group>"; };
		204DEAA1223FB13E00C53683 /* UITestPracticeAppUITests.xctest */ = {isa = PBXFileReference; explicitFileType = wrapper.cfbundle; includeInIndex = 0; path = UITestPracticeAppUITests.xctest; sourceTree = BUILT_PRODUCTS_DIR; };
		204DEAA5223FB13E00C53683 /* UITestPracticeAppUITests.swift */ = {isa = PBXFileReference; lastKnownFileType = sourcecode.swift; path = UITestPracticeAppUITests.swift; sourceTree = "<group>"; };
		204DEAA7223FB13E00C53683 /* Info.plist */ = {isa = PBXFileReference; lastKnownFileType = text.plist.xml; path = Info.plist; sourceTree = "<group>"; };
/* End PBXFileReference section */

/* Begin PBXFrameworksBuildPhase section */
		204DEA87223FB13C00C53683 /* Frameworks */ = {
			isa = PBXFrameworksBuildPhase;
			buildActionMask = 2147483647;
			files = (
			);
			runOnlyForDeploymentPostprocessing = 0;
		};
		204DEA9E223FB13E00C53683 /* Frameworks */ = {
			isa = PBXFrameworksBuildPhase;
			buildActionMask = 2147483647;
			files = (
			);
			runOnlyForDeploymentPostprocessing = 0;
		};
/* End PBXFrameworksBuildPhase section */

/* Begin PBXGroup section */
		204DEA81223FB13C00C53683 = {
			isa = PBXGroup;
			children = (
				204DEA8C223FB13C00C53683 /* UITestPracticeApp */,
				204DEAA4223FB13E00C53683 /* UITestPracticeAppUITests */,
				204DEA8B223FB13C00C53683 /* Products */,
			);
			sourceTree = "<group>";
		};
		204DEA8B223FB13C00C53683 /* Products */ = {
			isa = PBXGroup;
			children = (
				204DEA8A223FB13C00C53683 /* UITestPracticeApp.app */,
				204DEAA1223FB13E00C53683 /* UITestPracticeAppUITests.xctest */,
			);
			name = Products;
			sourceTree = "<group>";
		};
		204DEA8C223FB13C00C53683 /* UITestPracticeApp */ = {
			isa = PBXGroup;
			children = (
				204DEA8D223FB13C00C53683 /* AppDelegate.swift */,
				204DEA8F223FB13C00C53683 /* ViewController.swift */,
				204DEA91223FB13C00C53683 /* Main.storyboard */,
				204DEA97223FB13D00C53683 /* Assets.xcassets */,
				204DEA99223FB13D00C53683 /* LaunchScreen.storyboard */,
				204DEA9C223FB13D00C53683 /* Info.plist */,
				204DEA94223FB13C00C53683 /* UITestPracticeApp.xcdatamodeld */,
			);
			path = UITestPracticeApp;
			sourceTree = "<group>";
		};
		204DEAA4223FB13E00C53683 /* UITestPracticeAppUITests */ = {
			isa = PBXGroup;
			children = (
				204DEAA5223FB13E00C53683 /* UITestPracticeAppUITests.swift */,
				204DEAA7223FB13E00C53683 /* Info.plist */,
			);
			path = UITestPracticeAppUITests;
			sourceTree = "<group>";
		};
/* End PBXGroup section */

/* Begin PBXNativeTarget section */
		204DEA89223FB13C00C53683 /* UITestPracticeApp */ = {
			isa = PBXNativeTarget;
			buildConfigurationList = 204DEAAA223FB13E00C53683 /* Build configuration list for PBXNativeTarget "UITestPracticeApp" */;
			buildPhases = (
				204DEA86223FB13C00C53683 /* Sources */,
				204DEA87223FB13C00C53683 /* Frameworks */,
				204DEA88223FB13C00C53683 /* Resources */,
			);
			buildRules = (
			);
			dependencies = (
			);
			name = UITestPracticeApp;
			productName = UITestPracticeApp;
			productReference = 204DEA8A223FB13C00C53683 /* UITestPracticeApp.app */;
			productType = "com.apple.product-type.application";
		};
		204DEAA0223FB13E00C53683 /* UITestPracticeAppUITests */ = {
			isa = PBXNativeTarget;
			buildConfigurationList = 204DEAAD223FB13E00C53683 /* Build configuration list for PBXNativeTarget "UITestPracticeAppUITests" */;
			buildPhases = (
				204DEA9D223FB13E00C53683 /* Sources */,
				204DEA9E223FB13E00C53683 /* Frameworks */,
				204DEA9F223FB13E00C53683 /* Resources */,
			);
			buildRules = (
			);
			dependencies = (
				204DEAA3223FB13E00C53683 /* PBXTargetDependency */,
			);
			name = UITestPracticeAppUITests;
			productName = UITestPracticeAppUITests;
			productReference = 204DEAA1223FB13E00C53683 /* UITestPracticeAppUITests.xctest */;
			productType = "com.apple.product-type.bundle.ui-testing";
		};
/* End PBXNativeTarget section */

/* Begin PBXProject section */
		204DEA82223FB13C00C53683 /* Project object */ = {
			isa = PBXProject;
			attributes = {
				LastSwiftUpdateCheck = 1010;
				LastUpgradeCheck = 1010;
				ORGANIZATIONNAME = "Sida Nakrosyte";
				TargetAttributes = {
					204DEA89223FB13C00C53683 = {
						CreatedOnToolsVersion = 10.1;
					};
					204DEAA0223FB13E00C53683 = {
						CreatedOnToolsVersion = 10.1;
						TestTargetID = 204DEA89223FB13C00C53683;
					};
				};
			};
			buildConfigurationList = 204DEA85223FB13C00C53683 /* Build configuration list for PBXProject "UITestPracticeApp" */;
			compatibilityVersion = "Xcode 9.3";
			developmentRegion = en;
			hasScannedForEncodings = 0;
			knownRegions = (
				en,
				Base,
			);
			mainGroup = 204DEA81223FB13C00C53683;
			productRefGroup = 204DEA8B223FB13C00C53683 /* Products */;
			projectDirPath = "";
			projectRoot = "";
			targets = (
				204DEA89223FB13C00C53683 /* UITestPracticeApp */,
				204DEAA0223FB13E00C53683 /* UITestPracticeAppUITests */,
			);
		};
/* End PBXProject section */

/* Begin PBXResourcesBuildPhase section */
		204DEA88223FB13C00C53683 /* Resources */ = {
			isa = PBXResourcesBuildPhase;
			buildActionMask = 2147483647;
			files = (
				204DEA9B223FB13D00C53683 /* LaunchScreen.storyboard in Resources */,
				204DEA98223FB13D00C53683 /* Assets.xcassets in Resources */,
				204DEA93223FB13C00C53683 /* Main.storyboard in Resources */,
			);
			runOnlyForDeploymentPostprocessing = 0;
		};
		204DEA9F223FB13E00C53683 /* Resources */ = {
			isa = PBXResourcesBuildPhase;
			buildActionMask = 2147483647;
			files = (
			);
			runOnlyForDeploymentPostprocessing = 0;
		};
/* End PBXResourcesBuildPhase section */

/* Begin PBXSourcesBuildPhase section */
		204DEA86223FB13C00C53683 /* Sources */ = {
			isa = PBXSourcesBuildPhase;
			buildActionMask = 2147483647;
			files = (
				204DEA90223FB13C00C53683 /* ViewController.swift in Sources */,
				204DEA96223FB13C00C53683 /* UITestPracticeApp.xcdatamodeld in Sources */,
				204DEA8E223FB13C00C53683 /* AppDelegate.swift in Sources */,
			);
			runOnlyForDeploymentPostprocessing = 0;
		};
		204DEA9D223FB13E00C53683 /* Sources */ = {
			isa = PBXSourcesBuildPhase;
			buildActionMask = 2147483647;
			files = (
				204DEAA6223FB13E00C53683 /* UITestPracticeAppUITests.swift in Sources */,
			);
			runOnlyForDeploymentPostprocessing = 0;
		};
/* End PBXSourcesBuildPhase section */

/* Begin PBXTargetDependency section */
		204DEAA3223FB13E00C53683 /* PBXTargetDependency */ = {
			isa = PBXTargetDependency;
			target = 204DEA89223FB13C00C53683 /* UITestPracticeApp */;
			targetProxy = 204DEAA2223FB13E00C53683 /* PBXContainerItemProxy */;
		};
/* End PBXTargetDependency section */

/* Begin PBXVariantGroup section */
		204DEA91223FB13C00C53683 /* Main.storyboard */ = {
			isa = PBXVariantGroup;
			children = (
				204DEA92223FB13C00C53683 /* Base */,
			);
			name = Main.storyboard;
			sourceTree = "<group>";
		};
		204DEA99223FB13D00C53683 /* LaunchScreen.storyboard */ = {
			isa = PBXVariantGroup;
			children = (
				204DEA9A223FB13D00C53683 /* Base */,
			);
			name = LaunchScreen.storyboard;
			sourceTree = "<group>";
		};
/* End PBXVariantGroup section */

/* Begin XCBuildConfiguration section */
		204DEAA8223FB13E00C53683 /* Debug */ = {
			isa = XCBuildConfiguration;
			buildSettings = {
				ALWAYS_SEARCH_USER_PATHS = NO;
				CLANG_ANALYZER_NONNULL = YES;
				CLANG_ANALYZER_NUMBER_OBJECT_CONVERSION = YES_AGGRESSIVE;
				CLANG_CXX_LANGUAGE_STANDARD = "gnu++14";
				CLANG_CXX_LIBRARY = "libc++";
				CLANG_ENABLE_MODULES = YES;
				CLANG_ENABLE_OBJC_ARC = YES;
				CLANG_ENABLE_OBJC_WEAK = YES;
				CLANG_WARN_BLOCK_CAPTURE_AUTORELEASING = YES;
				CLANG_WARN_BOOL_CONVERSION = YES;
				CLANG_WARN_COMMA = YES;
				CLANG_WARN_CONSTANT_CONVERSION = YES;
				CLANG_WARN_DEPRECATED_OBJC_IMPLEMENTATIONS = YES;
				CLANG_WARN_DIRECT_OBJC_ISA_USAGE = YES_ERROR;
				CLANG_WARN_DOCUMENTATION_COMMENTS = YES;
				CLANG_WARN_EMPTY_BODY = YES;
				CLANG_WARN_ENUM_CONVERSION = YES;
				CLANG_WARN_INFINITE_RECURSION = YES;
				CLANG_WARN_INT_CONVERSION = YES;
				CLANG_WARN_NON_LITERAL_NULL_CONVERSION = YES;
				CLANG_WARN_OBJC_IMPLICIT_RETAIN_SELF = YES;
				CLANG_WARN_OBJC_LITERAL_CONVERSION = YES;
				CLANG_WARN_OBJC_ROOT_CLASS = YES_ERROR;
				CLANG_WARN_RANGE_LOOP_ANALYSIS = YES;
				CLANG_WARN_STRICT_PROTOTYPES = YES;
				CLANG_WARN_SUSPICIOUS_MOVE = YES;
				CLANG_WARN_UNGUARDED_AVAILABILITY = YES_AGGRESSIVE;
				CLANG_WARN_UNREACHABLE_CODE = YES;
				CLANG_WARN__DUPLICATE_METHOD_MATCH = YES;
				CODE_SIGN_IDENTITY = "iPhone Developer";
				COPY_PHASE_STRIP = NO;
				DEBUG_INFORMATION_FORMAT = dwarf;
				ENABLE_STRICT_OBJC_MSGSEND = YES;
				ENABLE_TESTABILITY = YES;
				GCC_C_LANGUAGE_STANDARD = gnu11;
				GCC_DYNAMIC_NO_PIC = NO;
				GCC_NO_COMMON_BLOCKS = YES;
				GCC_OPTIMIZATION_LEVEL = 0;
				GCC_PREPROCESSOR_DEFINITIONS = (
					"DEBUG=1",
					"$(inherited)",
				);
				GCC_WARN_64_TO_32_BIT_CONVERSION = YES;
				GCC_WARN_ABOUT_RETURN_TYPE = YES_ERROR;
				GCC_WARN_UNDECLARED_SELECTOR = YES;
				GCC_WARN_UNINITIALIZED_AUTOS = YES_AGGRESSIVE;
				GCC_WARN_UNUSED_FUNCTION = YES;
				GCC_WARN_UNUSED_VARIABLE = YES;
				IPHONEOS_DEPLOYMENT_TARGET = 12.1;
				MTL_ENABLE_DEBUG_INFO = INCLUDE_SOURCE;
				MTL_FAST_MATH = YES;
				ONLY_ACTIVE_ARCH = YES;
				SDKROOT = iphoneos;
				SWIFT_ACTIVE_COMPILATION_CONDITIONS = DEBUG;
				SWIFT_OPTIMIZATION_LEVEL = "-Onone";
			};
			name = Debug;
		};
		204DEAA9223FB13E00C53683 /* Release */ = {
			isa = XCBuildConfiguration;
			buildSettings = {
				ALWAYS_SEARCH_USER_PATHS = NO;
				CLANG_ANALYZER_NONNULL = YES;
				CLANG_ANALYZER_NUMBER_OBJECT_CONVERSION = YES_AGGRESSIVE;
				CLANG_CXX_LANGUAGE_STANDARD = "gnu++14";
				CLANG_CXX_LIBRARY = "libc++";
				CLANG_ENABLE_MODULES = YES;
				CLANG_ENABLE_OBJC_ARC = YES;
				CLANG_ENABLE_OBJC_WEAK = YES;
				CLANG_WARN_BLOCK_CAPTURE_AUTORELEASING = YES;
				CLANG_WARN_BOOL_CONVERSION = YES;
				CLANG_WARN_COMMA = YES;
				CLANG_WARN_CONSTANT_CONVERSION = YES;
				CLANG_WARN_DEPRECATED_OBJC_IMPLEMENTATIONS = YES;
				CLANG_WARN_DIRECT_OBJC_ISA_USAGE = YES_ERROR;
				CLANG_WARN_DOCUMENTATION_COMMENTS = YES;
				CLANG_WARN_EMPTY_BODY = YES;
				CLANG_WARN_ENUM_CONVERSION = YES;
				CLANG_WARN_INFINITE_RECURSION = YES;
				CLANG_WARN_INT_CONVERSION = YES;
				CLANG_WARN_NON_LITERAL_NULL_CONVERSION = YES;
				CLANG_WARN_OBJC_IMPLICIT_RETAIN_SELF = YES;
				CLANG_WARN_OBJC_LITERAL_CONVERSION = YES;
				CLANG_WARN_OBJC_ROOT_CLASS = YES_ERROR;
				CLANG_WARN_RANGE_LOOP_ANALYSIS = YES;
				CLANG_WARN_STRICT_PROTOTYPES = YES;
				CLANG_WARN_SUSPICIOUS_MOVE = YES;
				CLANG_WARN_UNGUARDED_AVAILABILITY = YES_AGGRESSIVE;
				CLANG_WARN_UNREACHABLE_CODE = YES;
				CLANG_WARN__DUPLICATE_METHOD_MATCH = YES;
				CODE_SIGN_IDENTITY = "iPhone Developer";
				COPY_PHASE_STRIP = NO;
				DEBUG_INFORMATION_FORMAT = "dwarf-with-dsym";
				ENABLE_NS_ASSERTIONS = NO;
				ENABLE_STRICT_OBJC_MSGSEND = YES;
				GCC_C_LANGUAGE_STANDARD = gnu11;
				GCC_NO_COMMON_BLOCKS = YES;
				GCC_WARN_64_TO_32_BIT_CONVERSION = YES;
				GCC_WARN_ABOUT_RETURN_TYPE = YES_ERROR;
				GCC_WARN_UNDECLARED_SELECTOR = YES;
				GCC_WARN_UNINITIALIZED_AUTOS = YES_AGGRESSIVE;
				GCC_WARN_UNUSED_FUNCTION = YES;
				GCC_WARN_UNUSED_VARIABLE = YES;
				IPHONEOS_DEPLOYMENT_TARGET = 12.1;
				MTL_ENABLE_DEBUG_INFO = NO;
				MTL_FAST_MATH = YES;
				SDKROOT = iphoneos;
				SWIFT_COMPILATION_MODE = wholemodule;
				SWIFT_OPTIMIZATION_LEVEL = "-O";
				VALIDATE_PRODUCT = YES;
			};
			name = Release;
		};
		204DEAAB223FB13E00C53683 /* Debug */ = {
			isa = XCBuildConfiguration;
			buildSettings = {
				ASSETCATALOG_COMPILER_APPICON_NAME = AppIcon;
				CODE_SIGN_STYLE = Automatic;
				DEVELOPMENT_TEAM = 3VDY5GT347;
				INFOPLIST_FILE = UITestPracticeApp/Info.plist;
				LD_RUNPATH_SEARCH_PATHS = (
					"$(inherited)",
					"@executable_path/Frameworks",
				);
				PRODUCT_BUNDLE_IDENTIFIER = com.nakrosida.UITestPracticeApp;
				PRODUCT_NAME = "$(TARGET_NAME)";
				SWIFT_VERSION = 4.2;
				TARGETED_DEVICE_FAMILY = "1,2";
			};
			name = Debug;
		};
		204DEAAC223FB13E00C53683 /* Release */ = {
			isa = XCBuildConfiguration;
			buildSettings = {
				ASSETCATALOG_COMPILER_APPICON_NAME = AppIcon;
				CODE_SIGN_STYLE = Automatic;
				DEVELOPMENT_TEAM = 3VDY5GT347;
				INFOPLIST_FILE = UITestPracticeApp/Info.plist;
				LD_RUNPATH_SEARCH_PATHS = (
					"$(inherited)",
					"@executable_path/Frameworks",
				);
				PRODUCT_BUNDLE_IDENTIFIER = com.nakrosida.UITestPracticeApp;
				PRODUCT_NAME = "$(TARGET_NAME)";
				SWIFT_VERSION = 4.2;
				TARGETED_DEVICE_FAMILY = "1,2";
			};
			name = Release;
		};
		204DEAAE223FB13E00C53683 /* Debug */ = {
			isa = XCBuildConfiguration;
			buildSettings = {
				ALWAYS_EMBED_SWIFT_STANDARD_LIBRARIES = YES;
				CODE_SIGN_STYLE = Automatic;
				DEVELOPMENT_TEAM = 3VDY5GT347;
				INFOPLIST_FILE = UITestPracticeAppUITests/Info.plist;
				LD_RUNPATH_SEARCH_PATHS = (
					"$(inherited)",
					"@executable_path/Frameworks",
					"@loader_path/Frameworks",
				);
				PRODUCT_BUNDLE_IDENTIFIER = com.nakrosida.UITestPracticeAppUITests;
				PRODUCT_NAME = "$(TARGET_NAME)";
				SWIFT_VERSION = 4.2;
				TARGETED_DEVICE_FAMILY = "1,2";
				TEST_TARGET_NAME = UITestPracticeApp;
			};
			name = Debug;
		};
		204DEAAF223FB13E00C53683 /* Release */ = {
			isa = XCBuildConfiguration;
			buildSettings = {
				ALWAYS_EMBED_SWIFT_STANDARD_LIBRARIES = YES;
				CODE_SIGN_STYLE = Automatic;
				DEVELOPMENT_TEAM = 3VDY5GT347;
				INFOPLIST_FILE = UITestPracticeAppUITests/Info.plist;
				LD_RUNPATH_SEARCH_PATHS = (
					"$(inherited)",
					"@executable_path/Frameworks",
					"@loader_path/Frameworks",
				);
				PRODUCT_BUNDLE_IDENTIFIER = com.nakrosida.UITestPracticeAppUITests;
				PRODUCT_NAME = "$(TARGET_NAME)";
				SWIFT_VERSION = 4.2;
				TARGETED_DEVICE_FAMILY = "1,2";
				TEST_TARGET_NAME = UITestPracticeApp;
			};
			name = Release;
		};
/* End XCBuildConfiguration section */

/* Begin XCConfigurationList section */
		204DEA85223FB13C00C53683 /* Build configuration list for PBXProject "UITestPracticeApp" */ = {
			isa = XCConfigurationList;
			buildConfigurations = (
				204DEAA8223FB13E00C53683 /* Debug */,
				204DEAA9223FB13E00C53683 /* Release */,
			);
			defaultConfigurationIsVisible = 0;
			defaultConfigurationName = Release;
		};
		204DEAAA223FB13E00C53683 /* Build configuration list for PBXNativeTarget "UITestPracticeApp" */ = {
			isa = XCConfigurationList;
			buildConfigurations = (
				204DEAAB223FB13E00C53683 /* Debug */,
				204DEAAC223FB13E00C53683 /* Release */,
			);
			defaultConfigurationIsVisible = 0;
			defaultConfigurationName = Release;
		};
		204DEAAD223FB13E00C53683 /* Build configuration list for PBXNativeTarget "UITestPracticeAppUITests" */ = {
			isa = XCConfigurationList;
			buildConfigurations = (
				204DEAAE223FB13E00C53683 /* Debug */,
				204DEAAF223FB13E00C53683 /* Release */,
			);
			defaultConfigurationIsVisible = 0;
			defaultConfigurationName = Release;
		};
/* End XCConfigurationList section */

/* Begin XCVersionGroup section */
		204DEA94223FB13C00C53683 /* UITestPracticeApp.xcdatamodeld */ = {
			isa = XCVersionGroup;
			children = (
				204DEA95223FB13C00C53683 /* UITestPracticeApp.xcdatamodel */,
			);
			currentVersion = 204DEA95223FB13C00C53683 /* UITestPracticeApp.xcdatamodel */;
			path = UITestPracticeApp.xcdatamodeld;
			sourceTree = "<group>";
			versionGroupType = wrapper.xcdatamodel;
		};
/* End XCVersionGroup section */
	};
	rootObject = 204DEA82223FB13C00C53683 /* Project object */;
}
